
Microsoft Visual Studio Solution File, Format Version 12.00
# Visual Studio Version 16
VisualStudioVersion = 16.0.30717.126
MinimumVisualStudioVersion = 10.0.40219.1
Project("{9A19103F-16F7-4668-BE54-9A1E7A4F7556}") = "CovidClient", "CovidClient\CovidClient.csproj", "{3C7AF199-7F56-4F2F-A456-FC4962DA5D71}"
EndProject
Project("{9A19103F-16F7-4668-BE54-9A1E7A4F7556}") = "CovidApi", "CovidLibrary\CovidApi.csproj", "{C9D935B5-24D6-418D-835D-65D8C2BB4337}"
EndProject
Global
	GlobalSection(SolutionConfigurationPlatforms) = preSolution
		Debug|Any CPU = Debug|Any CPU
		Release|Any CPU = Release|Any CPU
	EndGlobalSection
	GlobalSection(ProjectConfigurationPlatforms) = postSolution
		{3C7AF199-7F56-4F2F-A456-FC4962DA5D71}.Debug|Any CPU.ActiveCfg = Debug|Any CPU
		{3C7AF199-7F56-4F2F-A456-FC4962DA5D71}.Debug|Any CPU.Build.0 = Debug|Any CPU
		{3C7AF199-7F56-4F2F-A456-FC4962DA5D71}.Release|Any CPU.ActiveCfg = Release|Any CPU
		{3C7AF199-7F56-4F2F-A456-FC4962DA5D71}.Release|Any CPU.Build.0 = Release|Any CPU
		{C9D935B5-24D6-418D-835D-65D8C2BB4337}.Debug|Any CPU.ActiveCfg = Debug|Any CPU
		{C9D935B5-24D6-418D-835D-65D8C2BB4337}.Debug|Any CPU.Build.0 = Debug|Any CPU
		{C9D935B5-24D6-418D-835D-65D8C2BB4337}.Release|Any CPU.ActiveCfg = Release|Any CPU
		{C9D935B5-24D6-418D-835D-65D8C2BB4337}.Release|Any CPU.Build.0 = Release|Any CPU
	EndGlobalSection
	GlobalSection(SolutionProperties) = preSolution
		HideSolutionNode = FALSE
	EndGlobalSection
	GlobalSection(ExtensibilityGlobals) = postSolution
		SolutionGuid = {C4058807-4202-4253-A8B3-B08F7332D7B9}
	EndGlobalSection
EndGlobal
